// !$*UTF8*$!
{
	archiveVersion = 1;
	classes = {
	};
	objectVersion = 50;
	objects = {

/* Begin PBXBuildFile section */
		29B145CC2628B34800B64133 /* AppDelegate.swift in Sources */ = {isa = PBXBuildFile; fileRef = 29B145CB2628B34800B64133 /* AppDelegate.swift */; };
		29B145CE2628B34800B64133 /* SceneDelegate.swift in Sources */ = {isa = PBXBuildFile; fileRef = 29B145CD2628B34800B64133 /* SceneDelegate.swift */; };
		29B145D02628B34800B64133 /* ContentView.swift in Sources */ = {isa = PBXBuildFile; fileRef = 29B145CF2628B34800B64133 /* ContentView.swift */; };
		29B145D22628B34900B64133 /* Assets.xcassets in Resources */ = {isa = PBXBuildFile; fileRef = 29B145D12628B34900B64133 /* Assets.xcassets */; };
		29B145D52628B34900B64133 /* Preview Assets.xcassets in Resources */ = {isa = PBXBuildFile; fileRef = 29B145D42628B34900B64133 /* Preview Assets.xcassets */; };
		29B145D82628B34900B64133 /* LaunchScreen.storyboard in Resources */ = {isa = PBXBuildFile; fileRef = 29B145D62628B34900B64133 /* LaunchScreen.storyboard */; };
		29B145E32628B34900B64133 /* SeunAppTests.swift in Sources */ = {isa = PBXBuildFile; fileRef = 29B145E22628B34900B64133 /* SeunAppTests.swift */; };
		29B145EE2628B34900B64133 /* SeunAppUITests.swift in Sources */ = {isa = PBXBuildFile; fileRef = 29B145ED2628B34900B64133 /* SeunAppUITests.swift */; };
/* End PBXBuildFile section */

/* Begin PBXContainerItemProxy section */
		29B145DF2628B34900B64133 /* PBXContainerItemProxy */ = {
			isa = PBXContainerItemProxy;
			containerPortal = 29B145C02628B34800B64133 /* Project object */;
			proxyType = 1;
			remoteGlobalIDString = 29B145C72628B34800B64133;
			remoteInfo = SeunApp;
		};
		29B145EA2628B34900B64133 /* PBXContainerItemProxy */ = {
			isa = PBXContainerItemProxy;
			containerPortal = 29B145C02628B34800B64133 /* Project object */;
			proxyType = 1;
			remoteGlobalIDString = 29B145C72628B34800B64133;
			remoteInfo = SeunApp;
		};
/* End PBXContainerItemProxy section */

/* Begin PBXFileReference section */
		29B145C82628B34800B64133 /* SeunApp.app */ = {isa = PBXFileReference; explicitFileType = wrapper.application; includeInIndex = 0; path = SeunApp.app; sourceTree = BUILT_PRODUCTS_DIR; };
		29B145CB2628B34800B64133 /* AppDelegate.swift */ = {isa = PBXFileReference; lastKnownFileType = sourcecode.swift; path = AppDelegate.swift; sourceTree = "<group>"; };
		29B145CD2628B34800B64133 /* SceneDelegate.swift */ = {isa = PBXFileReference; lastKnownFileType = sourcecode.swift; path = SceneDelegate.swift; sourceTree = "<group>"; };
		29B145CF2628B34800B64133 /* ContentView.swift */ = {isa = PBXFileReference; lastKnownFileType = sourcecode.swift; path = ContentView.swift; sourceTree = "<group>"; };
		29B145D12628B34900B64133 /* Assets.xcassets */ = {isa = PBXFileReference; lastKnownFileType = folder.assetcatalog; path = Assets.xcassets; sourceTree = "<group>"; };
		29B145D42628B34900B64133 /* Preview Assets.xcassets */ = {isa = PBXFileReference; lastKnownFileType = folder.assetcatalog; path = "Preview Assets.xcassets"; sourceTree = "<group>"; };
		29B145D72628B34900B64133 /* Base */ = {isa = PBXFileReference; lastKnownFileType = file.storyboard; name = Base; path = Base.lproj/LaunchScreen.storyboard; sourceTree = "<group>"; };
		29B145D92628B34900B64133 /* Info.plist */ = {isa = PBXFileReference; lastKnownFileType = text.plist.xml; path = Info.plist; sourceTree = "<group>"; };
		29B145DE2628B34900B64133 /* SeunAppTests.xctest */ = {isa = PBXFileReference; explicitFileType = wrapper.cfbundle; includeInIndex = 0; path = SeunAppTests.xctest; sourceTree = BUILT_PRODUCTS_DIR; };
		29B145E22628B34900B64133 /* SeunAppTests.swift */ = {isa = PBXFileReference; lastKnownFileType = sourcecode.swift; path = SeunAppTests.swift; sourceTree = "<group>"; };
		29B145E42628B34900B64133 /* Info.plist */ = {isa = PBXFileReference; lastKnownFileType = text.plist.xml; path = Info.plist; sourceTree = "<group>"; };
		29B145E92628B34900B64133 /* SeunAppUITests.xctest */ = {isa = PBXFileReference; explicitFileType = wrapper.cfbundle; includeInIndex = 0; path = SeunAppUITests.xctest; sourceTree = BUILT_PRODUCTS_DIR; };
		29B145ED2628B34900B64133 /* SeunAppUITests.swift */ = {isa = PBXFileReference; lastKnownFileType = sourcecode.swift; path = SeunAppUITests.swift; sourceTree = "<group>"; };
		29B145EF2628B34900B64133 /* Info.plist */ = {isa = PBXFileReference; lastKnownFileType = text.plist.xml; path = Info.plist; sourceTree = "<group>"; };
/* End PBXFileReference section */

/* Begin PBXFrameworksBuildPhase section */
		29B145C52628B34800B64133 /* Frameworks */ = {
			isa = PBXFrameworksBuildPhase;
			buildActionMask = 2147483647;
			files = (
			);
			runOnlyForDeploymentPostprocessing = 0;
		};
		29B145DB2628B34900B64133 /* Frameworks */ = {
			isa = PBXFrameworksBuildPhase;
			buildActionMask = 2147483647;
			files = (
			);
			runOnlyForDeploymentPostprocessing = 0;
		};
		29B145E62628B34900B64133 /* Frameworks */ = {
			isa = PBXFrameworksBuildPhase;
			buildActionMask = 2147483647;
			files = (
			);
			runOnlyForDeploymentPostprocessing = 0;
		};
/* End PBXFrameworksBuildPhase section */

/* Begin PBXGroup section */
		29B145BF2628B34800B64133 = {
			isa = PBXGroup;
			children = (
				29B145CA2628B34800B64133 /* SeunApp */,
				29B145E12628B34900B64133 /* SeunAppTests */,
				29B145EC2628B34900B64133 /* SeunAppUITests */,
				29B145C92628B34800B64133 /* Products */,
			);
			sourceTree = "<group>";
		};
		29B145C92628B34800B64133 /* Products */ = {
			isa = PBXGroup;
			children = (
				29B145C82628B34800B64133 /* SeunApp.app */,
				29B145DE2628B34900B64133 /* SeunAppTests.xctest */,
				29B145E92628B34900B64133 /* SeunAppUITests.xctest */,
			);
			name = Products;
			sourceTree = "<group>";
		};
		29B145CA2628B34800B64133 /* SeunApp */ = {
			isa = PBXGroup;
			children = (
				29B145CB2628B34800B64133 /* AppDelegate.swift */,
				29B145CD2628B34800B64133 /* SceneDelegate.swift */,
				29B145CF2628B34800B64133 /* ContentView.swift */,
				29B145D12628B34900B64133 /* Assets.xcassets */,
				29B145D62628B34900B64133 /* LaunchScreen.storyboard */,
				29B145D92628B34900B64133 /* Info.plist */,
				29B145D32628B34900B64133 /* Preview Content */,
			);
			path = SeunApp;
			sourceTree = "<group>";
		};
		29B145D32628B34900B64133 /* Preview Content */ = {
			isa = PBXGroup;
			children = (
				29B145D42628B34900B64133 /* Preview Assets.xcassets */,
			);
			path = "Preview Content";
			sourceTree = "<group>";
		};
		29B145E12628B34900B64133 /* SeunAppTests */ = {
			isa = PBXGroup;
			children = (
				29B145E22628B34900B64133 /* SeunAppTests.swift */,
				29B145E42628B34900B64133 /* Info.plist */,
			);
			path = SeunAppTests;
			sourceTree = "<group>";
		};
		29B145EC2628B34900B64133 /* SeunAppUITests */ = {
			isa = PBXGroup;
			children = (
				29B145ED2628B34900B64133 /* SeunAppUITests.swift */,
				29B145EF2628B34900B64133 /* Info.plist */,
			);
			path = SeunAppUITests;
			sourceTree = "<group>";
		};
/* End PBXGroup section */

/* Begin PBXNativeTarget section */
		29B145C72628B34800B64133 /* SeunApp */ = {
			isa = PBXNativeTarget;
			buildConfigurationList = 29B145F22628B34900B64133 /* Build configuration list for PBXNativeTarget "SeunApp" */;
			buildPhases = (
				29B145C42628B34800B64133 /* Sources */,
				29B145C52628B34800B64133 /* Frameworks */,
				29B145C62628B34800B64133 /* Resources */,
			);
			buildRules = (
			);
			dependencies = (
			);
			name = SeunApp;
			productName = SeunApp;
			productReference = 29B145C82628B34800B64133 /* SeunApp.app */;
			productType = "com.apple.product-type.application";
		};
		29B145DD2628B34900B64133 /* SeunAppTests */ = {
			isa = PBXNativeTarget;
			buildConfigurationList = 29B145F52628B34900B64133 /* Build configuration list for PBXNativeTarget "SeunAppTests" */;
			buildPhases = (
				29B145DA2628B34900B64133 /* Sources */,
				29B145DB2628B34900B64133 /* Frameworks */,
				29B145DC2628B34900B64133 /* Resources */,
			);
			buildRules = (
			);
			dependencies = (
				29B145E02628B34900B64133 /* PBXTargetDependency */,
			);
			name = SeunAppTests;
			productName = SeunAppTests;
			productReference = 29B145DE2628B34900B64133 /* SeunAppTests.xctest */;
			productType = "com.apple.product-type.bundle.unit-test";
		};
		29B145E82628B34900B64133 /* SeunAppUITests */ = {
			isa = PBXNativeTarget;
			buildConfigurationList = 29B145F82628B34900B64133 /* Build configuration list for PBXNativeTarget "SeunAppUITests" */;
			buildPhases = (
				29B145E52628B34900B64133 /* Sources */,
				29B145E62628B34900B64133 /* Frameworks */,
				29B145E72628B34900B64133 /* Resources */,
			);
			buildRules = (
			);
			dependencies = (
				29B145EB2628B34900B64133 /* PBXTargetDependency */,
			);
			name = SeunAppUITests;
			productName = SeunAppUITests;
			productReference = 29B145E92628B34900B64133 /* SeunAppUITests.xctest */;
			productType = "com.apple.product-type.bundle.ui-testing";
		};
/* End PBXNativeTarget section */

/* Begin PBXProject section */
		29B145C02628B34800B64133 /* Project object */ = {
			isa = PBXProject;
			attributes = {
				LastSwiftUpdateCheck = 1240;
				LastUpgradeCheck = 1240;
				TargetAttributes = {
					29B145C72628B34800B64133 = {
						CreatedOnToolsVersion = 12.4;
					};
					29B145DD2628B34900B64133 = {
						CreatedOnToolsVersion = 12.4;
						TestTargetID = 29B145C72628B34800B64133;
					};
					29B145E82628B34900B64133 = {
						CreatedOnToolsVersion = 12.4;
						TestTargetID = 29B145C72628B34800B64133;
					};
				};
			};
			buildConfigurationList = 29B145C32628B34800B64133 /* Build configuration list for PBXProject "SeunApp" */;
			compatibilityVersion = "Xcode 9.3";
			developmentRegion = en;
			hasScannedForEncodings = 0;
			knownRegions = (
				en,
				Base,
			);
			mainGroup = 29B145BF2628B34800B64133;
			productRefGroup = 29B145C92628B34800B64133 /* Products */;
			projectDirPath = "";
			projectRoot = "";
			targets = (
				29B145C72628B34800B64133 /* SeunApp */,
				29B145DD2628B34900B64133 /* SeunAppTests */,
				29B145E82628B34900B64133 /* SeunAppUITests */,
			);
		};
/* End PBXProject section */

/* Begin PBXResourcesBuildPhase section */
		29B145C62628B34800B64133 /* Resources */ = {
			isa = PBXResourcesBuildPhase;
			buildActionMask = 2147483647;
			files = (
				29B145D82628B34900B64133 /* LaunchScreen.storyboard in Resources */,
				29B145D52628B34900B64133 /* Preview Assets.xcassets in Resources */,
				29B145D22628B34900B64133 /* Assets.xcassets in Resources */,
			);
			runOnlyForDeploymentPostprocessing = 0;
		};
		29B145DC2628B34900B64133 /* Resources */ = {
			isa = PBXResourcesBuildPhase;
			buildActionMask = 2147483647;
			files = (
			);
			runOnlyForDeploymentPostprocessing = 0;
		};
		29B145E72628B34900B64133 /* Resources */ = {
			isa = PBXResourcesBuildPhase;
			buildActionMask = 2147483647;
			files = (
			);
			runOnlyForDeploymentPostprocessing = 0;
		};
/* End PBXResourcesBuildPhase section */

/* Begin PBXSourcesBuildPhase section */
		29B145C42628B34800B64133 /* Sources */ = {
			isa = PBXSourcesBuildPhase;
			buildActionMask = 2147483647;
			files = (
				29B145CC2628B34800B64133 /* AppDelegate.swift in Sources */,
				29B145CE2628B34800B64133 /* SceneDelegate.swift in Sources */,
				29B145D02628B34800B64133 /* ContentView.swift in Sources */,
			);
			runOnlyForDeploymentPostprocessing = 0;
		};
		29B145DA2628B34900B64133 /* Sources */ = {
			isa = PBXSourcesBuildPhase;
			buildActionMask = 2147483647;
			files = (
				29B145E32628B34900B64133 /* SeunAppTests.swift in Sources */,
			);
			runOnlyForDeploymentPostprocessing = 0;
		};
		29B145E52628B34900B64133 /* Sources */ = {
			isa = PBXSourcesBuildPhase;
			buildActionMask = 2147483647;
			files = (
				29B145EE2628B34900B64133 /* SeunAppUITests.swift in Sources */,
			);
			runOnlyForDeploymentPostprocessing = 0;
		};
/* End PBXSourcesBuildPhase section */

/* Begin PBXTargetDependency section */
		29B145E02628B34900B64133 /* PBXTargetDependency */ = {
			isa = PBXTargetDependency;
			target = 29B145C72628B34800B64133 /* SeunApp */;
			targetProxy = 29B145DF2628B34900B64133 /* PBXContainerItemProxy */;
		};
		29B145EB2628B34900B64133 /* PBXTargetDependency */ = {
			isa = PBXTargetDependency;
			target = 29B145C72628B34800B64133 /* SeunApp */;
			targetProxy = 29B145EA2628B34900B64133 /* PBXContainerItemProxy */;
		};
/* End PBXTargetDependency section */

/* Begin PBXVariantGroup section */
		29B145D62628B34900B64133 /* LaunchScreen.storyboard */ = {
			isa = PBXVariantGroup;
			children = (
				29B145D72628B34900B64133 /* Base */,
			);
			name = LaunchScreen.storyboard;
			sourceTree = "<group>";
		};
/* End PBXVariantGroup section */

/* Begin XCBuildConfiguration section */
		29B145F02628B34900B64133 /* Debug */ = {
			isa = XCBuildConfiguration;
			buildSettings = {
				ALWAYS_SEARCH_USER_PATHS = NO;
				CLANG_ANALYZER_NONNULL = YES;
				CLANG_ANALYZER_NUMBER_OBJECT_CONVERSION = YES_AGGRESSIVE;
				CLANG_CXX_LANGUAGE_STANDARD = "gnu++14";
				CLANG_CXX_LIBRARY = "libc++";
				CLANG_ENABLE_MODULES = YES;
				CLANG_ENABLE_OBJC_ARC = YES;
				CLANG_ENABLE_OBJC_WEAK = YES;
				CLANG_WARN_BLOCK_CAPTURE_AUTORELEASING = YES;
				CLANG_WARN_BOOL_CONVERSION = YES;
				CLANG_WARN_COMMA = YES;
				CLANG_WARN_CONSTANT_CONVERSION = YES;
				CLANG_WARN_DEPRECATED_OBJC_IMPLEMENTATIONS = YES;
				CLANG_WARN_DIRECT_OBJC_ISA_USAGE = YES_ERROR;
				CLANG_WARN_DOCUMENTATION_COMMENTS = YES;
				CLANG_WARN_EMPTY_BODY = YES;
				CLANG_WARN_ENUM_CONVERSION = YES;
				CLANG_WARN_INFINITE_RECURSION = YES;
				CLANG_WARN_INT_CONVERSION = YES;
				CLANG_WARN_NON_LITERAL_NULL_CONVERSION = YES;
				CLANG_WARN_OBJC_IMPLICIT_RETAIN_SELF = YES;
				CLANG_WARN_OBJC_LITERAL_CONVERSION = YES;
				CLANG_WARN_OBJC_ROOT_CLASS = YES_ERROR;
				CLANG_WARN_QUOTED_INCLUDE_IN_FRAMEWORK_HEADER = YES;
				CLANG_WARN_RANGE_LOOP_ANALYSIS = YES;
				CLANG_WARN_STRICT_PROTOTYPES = YES;
				CLANG_WARN_SUSPICIOUS_MOVE = YES;
				CLANG_WARN_UNGUARDED_AVAILABILITY = YES_AGGRESSIVE;
				CLANG_WARN_UNREACHABLE_CODE = YES;
				CLANG_WARN__DUPLICATE_METHOD_MATCH = YES;
				COPY_PHASE_STRIP = NO;
				DEBUG_INFORMATION_FORMAT = dwarf;
				ENABLE_STRICT_OBJC_MSGSEND = YES;
				ENABLE_TESTABILITY = YES;
				GCC_C_LANGUAGE_STANDARD = gnu11;
				GCC_DYNAMIC_NO_PIC = NO;
				GCC_NO_COMMON_BLOCKS = YES;
				GCC_OPTIMIZATION_LEVEL = 0;
				GCC_PREPROCESSOR_DEFINITIONS = (
					"DEBUG=1",
					"$(inherited)",
				);
				GCC_WARN_64_TO_32_BIT_CONVERSION = YES;
				GCC_WARN_ABOUT_RETURN_TYPE = YES_ERROR;
				GCC_WARN_UNDECLARED_SELECTOR = YES;
				GCC_WARN_UNINITIALIZED_AUTOS = YES_AGGRESSIVE;
				GCC_WARN_UNUSED_FUNCTION = YES;
				GCC_WARN_UNUSED_VARIABLE = YES;
				IPHONEOS_DEPLOYMENT_TARGET = 14.4;
				MTL_ENABLE_DEBUG_INFO = INCLUDE_SOURCE;
				MTL_FAST_MATH = YES;
				ONLY_ACTIVE_ARCH = YES;
				SDKROOT = iphoneos;
				SWIFT_ACTIVE_COMPILATION_CONDITIONS = DEBUG;
				SWIFT_OPTIMIZATION_LEVEL = "-Onone";
			};
			name = Debug;
		};
		29B145F12628B34900B64133 /* Release */ = {
			isa = XCBuildConfiguration;
			buildSettings = {
				ALWAYS_SEARCH_USER_PATHS = NO;
				CLANG_ANALYZER_NONNULL = YES;
				CLANG_ANALYZER_NUMBER_OBJECT_CONVERSION = YES_AGGRESSIVE;
				CLANG_CXX_LANGUAGE_STANDARD = "gnu++14";
				CLANG_CXX_LIBRARY = "libc++";
				CLANG_ENABLE_MODULES = YES;
				CLANG_ENABLE_OBJC_ARC = YES;
				CLANG_ENABLE_OBJC_WEAK = YES;
				CLANG_WARN_BLOCK_CAPTURE_AUTORELEASING = YES;
				CLANG_WARN_BOOL_CONVERSION = YES;
				CLANG_WARN_COMMA = YES;
				CLANG_WARN_CONSTANT_CONVERSION = YES;
				CLANG_WARN_DEPRECATED_OBJC_IMPLEMENTATIONS = YES;
				CLANG_WARN_DIRECT_OBJC_ISA_USAGE = YES_ERROR;
				CLANG_WARN_DOCUMENTATION_COMMENTS = YES;
				CLANG_WARN_EMPTY_BODY = YES;
				CLANG_WARN_ENUM_CONVERSION = YES;
				CLANG_WARN_INFINITE_RECURSION = YES;
				CLANG_WARN_INT_CONVERSION = YES;
				CLANG_WARN_NON_LITERAL_NULL_CONVERSION = YES;
				CLANG_WARN_OBJC_IMPLICIT_RETAIN_SELF = YES;
				CLANG_WARN_OBJC_LITERAL_CONVERSION = YES;
				CLANG_WARN_OBJC_ROOT_CLASS = YES_ERROR;
				CLANG_WARN_QUOTED_INCLUDE_IN_FRAMEWORK_HEADER = YES;
				CLANG_WARN_RANGE_LOOP_ANALYSIS = YES;
				CLANG_WARN_STRICT_PROTOTYPES = YES;
				CLANG_WARN_SUSPICIOUS_MOVE = YES;
				CLANG_WARN_UNGUARDED_AVAILABILITY = YES_AGGRESSIVE;
				CLANG_WARN_UNREACHABLE_CODE = YES;
				CLANG_WARN__DUPLICATE_METHOD_MATCH = YES;
				COPY_PHASE_STRIP = NO;
				DEBUG_INFORMATION_FORMAT = "dwarf-with-dsym";
				ENABLE_NS_ASSERTIONS = NO;
				ENABLE_STRICT_OBJC_MSGSEND = YES;
				GCC_C_LANGUAGE_STANDARD = gnu11;
				GCC_NO_COMMON_BLOCKS = YES;
				GCC_WARN_64_TO_32_BIT_CONVERSION = YES;
				GCC_WARN_ABOUT_RETURN_TYPE = YES_ERROR;
				GCC_WARN_UNDECLARED_SELECTOR = YES;
				GCC_WARN_UNINITIALIZED_AUTOS = YES_AGGRESSIVE;
				GCC_WARN_UNUSED_FUNCTION = YES;
				GCC_WARN_UNUSED_VARIABLE = YES;
				IPHONEOS_DEPLOYMENT_TARGET = 14.4;
				MTL_ENABLE_DEBUG_INFO = NO;
				MTL_FAST_MATH = YES;
				SDKROOT = iphoneos;
				SWIFT_COMPILATION_MODE = wholemodule;
				SWIFT_OPTIMIZATION_LEVEL = "-O";
				VALIDATE_PRODUCT = YES;
			};
			name = Release;
		};
		29B145F32628B34900B64133 /* Debug */ = {
			isa = XCBuildConfiguration;
			buildSettings = {
				ASSETCATALOG_COMPILER_APPICON_NAME = AppIcon;
				ASSETCATALOG_COMPILER_GLOBAL_ACCENT_COLOR_NAME = AccentColor;
				CODE_SIGN_STYLE = Automatic;
				DEVELOPMENT_ASSET_PATHS = "\"SeunApp/Preview Content\"";
				ENABLE_PREVIEWS = YES;
				INFOPLIST_FILE = SeunApp/Info.plist;
				LD_RUNPATH_SEARCH_PATHS = (
					"$(inherited)",
					"@executable_path/Frameworks",
				);
				PRODUCT_BUNDLE_IDENTIFIER = co.llamastudios.SeunApp;
				PRODUCT_NAME = "$(TARGET_NAME)";
				SWIFT_VERSION = 5.0;
				TARGETED_DEVICE_FAMILY = "1,2";
			};
			name = Debug;
		};
		29B145F42628B34900B64133 /* Release */ = {
			isa = XCBuildConfiguration;
			buildSettings = {
				ASSETCATALOG_COMPILER_APPICON_NAME = AppIcon;
				ASSETCATALOG_COMPILER_GLOBAL_ACCENT_COLOR_NAME = AccentColor;
				CODE_SIGN_STYLE = Automatic;
				DEVELOPMENT_ASSET_PATHS = "\"SeunApp/Preview Content\"";
				ENABLE_PREVIEWS = YES;
				INFOPLIST_FILE = SeunApp/Info.plist;
				LD_RUNPATH_SEARCH_PATHS = (
					"$(inherited)",
					"@executable_path/Frameworks",
				);
				PRODUCT_BUNDLE_IDENTIFIER = co.llamastudios.SeunApp;
				PRODUCT_NAME = "$(TARGET_NAME)";
				SWIFT_VERSION = 5.0;
				TARGETED_DEVICE_FAMILY = "1,2";
			};
			name = Release;
		};
		29B145F62628B34900B64133 /* Debug */ = {
			isa = XCBuildConfiguration;
			buildSettings = {
				ALWAYS_EMBED_SWIFT_STANDARD_LIBRARIES = YES;
				BUNDLE_LOADER = "$(TEST_HOST)";
				CODE_SIGN_STYLE = Automatic;
				INFOPLIST_FILE = SeunAppTests/Info.plist;
				IPHONEOS_DEPLOYMENT_TARGET = 14.4;
				LD_RUNPATH_SEARCH_PATHS = (
					"$(inherited)",
					"@executable_path/Frameworks",
					"@loader_path/Frameworks",
				);
				PRODUCT_BUNDLE_IDENTIFIER = co.llamastudios.SeunAppTests;
				PRODUCT_NAME = "$(TARGET_NAME)";
				SWIFT_VERSION = 5.0;
				TARGETED_DEVICE_FAMILY = "1,2";
				TEST_HOST = "$(BUILT_PRODUCTS_DIR)/SeunApp.app/SeunApp";
			};
			name = Debug;
		};
		29B145F72628B34900B64133 /* Release */ = {
			isa = XCBuildConfiguration;
			buildSettings = {
				ALWAYS_EMBED_SWIFT_STANDARD_LIBRARIES = YES;
				BUNDLE_LOADER = "$(TEST_HOST)";
				CODE_SIGN_STYLE = Automatic;
				INFOPLIST_FILE = SeunAppTests/Info.plist;
				IPHONEOS_DEPLOYMENT_TARGET = 14.4;
				LD_RUNPATH_SEARCH_PATHS = (
					"$(inherited)",
					"@executable_path/Frameworks",
					"@loader_path/Frameworks",
				);
				PRODUCT_BUNDLE_IDENTIFIER = co.llamastudios.SeunAppTests;
				PRODUCT_NAME = "$(TARGET_NAME)";
				SWIFT_VERSION = 5.0;
				TARGETED_DEVICE_FAMILY = "1,2";
				TEST_HOST = "$(BUILT_PRODUCTS_DIR)/SeunApp.app/SeunApp";
			};
			name = Release;
		};
		29B145F92628B34900B64133 /* Debug */ = {
			isa = XCBuildConfiguration;
			buildSettings = {
				ALWAYS_EMBED_SWIFT_STANDARD_LIBRARIES = YES;
				CODE_SIGN_STYLE = Automatic;
				INFOPLIST_FILE = SeunAppUITests/Info.plist;
				LD_RUNPATH_SEARCH_PATHS = (
					"$(inherited)",
					"@executable_path/Frameworks",
					"@loader_path/Frameworks",
				);
				PRODUCT_BUNDLE_IDENTIFIER = co.llamastudios.SeunAppUITests;
				PRODUCT_NAME = "$(TARGET_NAME)";
				SWIFT_VERSION = 5.0;
				TARGETED_DEVICE_FAMILY = "1,2";
				TEST_TARGET_NAME = SeunApp;
			};
			name = Debug;
		};
		29B145FA2628B34900B64133 /* Release */ = {
			isa = XCBuildConfiguration;
			buildSettings = {
				ALWAYS_EMBED_SWIFT_STANDARD_LIBRARIES = YES;
				CODE_SIGN_STYLE = Automatic;
				INFOPLIST_FILE = SeunAppUITests/Info.plist;
				LD_RUNPATH_SEARCH_PATHS = (
					"$(inherited)",
					"@executable_path/Frameworks",
					"@loader_path/Frameworks",
				);
				PRODUCT_BUNDLE_IDENTIFIER = co.llamastudios.SeunAppUITests;
				PRODUCT_NAME = "$(TARGET_NAME)";
				SWIFT_VERSION = 5.0;
				TARGETED_DEVICE_FAMILY = "1,2";
				TEST_TARGET_NAME = SeunApp;
			};
			name = Release;
		};
/* End XCBuildConfiguration section */

/* Begin XCConfigurationList section */
		29B145C32628B34800B64133 /* Build configuration list for PBXProject "SeunApp" */ = {
			isa = XCConfigurationList;
			buildConfigurations = (
				29B145F02628B34900B64133 /* Debug */,
				29B145F12628B34900B64133 /* Release */,
			);
			defaultConfigurationIsVisible = 0;
			defaultConfigurationName = Release;
		};
		29B145F22628B34900B64133 /* Build configuration list for PBXNativeTarget "SeunApp" */ = {
			isa = XCConfigurationList;
			buildConfigurations = (
				29B145F32628B34900B64133 /* Debug */,
				29B145F42628B34900B64133 /* Release */,
			);
			defaultConfigurationIsVisible = 0;
			defaultConfigurationName = Release;
		};
		29B145F52628B34900B64133 /* Build configuration list for PBXNativeTarget "SeunAppTests" */ = {
			isa = XCConfigurationList;
			buildConfigurations = (
				29B145F62628B34900B64133 /* Debug */,
				29B145F72628B34900B64133 /* Release */,
			);
			defaultConfigurationIsVisible = 0;
			defaultConfigurationName = Release;
		};
		29B145F82628B34900B64133 /* Build configuration list for PBXNativeTarget "SeunAppUITests" */ = {
			isa = XCConfigurationList;
			buildConfigurations = (
				29B145F92628B34900B64133 /* Debug */,
				29B145FA2628B34900B64133 /* Release */,
			);
			defaultConfigurationIsVisible = 0;
			defaultConfigurationName = Release;
		};
/* End XCConfigurationList section */
	};
	rootObject = 29B145C02628B34800B64133 /* Project object */;
}
